// !$*UTF8*$!
{
	archiveVersion = 1;
	classes = {
	};
	objectVersion = 46;
	objects = {

/* Begin PBXBuildFile section */
		630132361EDF68130016AE24 /* pokemon.csv in Resources */ = {isa = PBXBuildFile; fileRef = 630132351EDF68130016AE24 /* pokemon.csv */; };
		630132381EDF68420016AE24 /* csv.swift in Sources */ = {isa = PBXBuildFile; fileRef = 630132371EDF68420016AE24 /* csv.swift */; };
		6301323A1EDF8E2C0016AE24 /* pokemon.ttf in Resources */ = {isa = PBXBuildFile; fileRef = 630132391EDF8E2C0016AE24 /* pokemon.ttf */; };
		6301323F1EDF906F0016AE24 /* music.png in Resources */ = {isa = PBXBuildFile; fileRef = 6301323E1EDF906F0016AE24 /* music.png */; };
		630132411EDF90820016AE24 /* music.mp3 in Resources */ = {isa = PBXBuildFile; fileRef = 630132401EDF90820016AE24 /* music.mp3 */; };
		630132431EE0D7B50016AE24 /* PokemonDetailVC.swift in Sources */ = {isa = PBXBuildFile; fileRef = 630132421EE0D7B50016AE24 /* PokemonDetailVC.swift */; };
		63AE85871EDE58C5003C041E /* AppDelegate.swift in Sources */ = {isa = PBXBuildFile; fileRef = 63AE85861EDE58C5003C041E /* AppDelegate.swift */; };
		63AE85891EDE58C5003C041E /* ViewController.swift in Sources */ = {isa = PBXBuildFile; fileRef = 63AE85881EDE58C5003C041E /* ViewController.swift */; };
		63AE858C1EDE58C5003C041E /* Main.storyboard in Resources */ = {isa = PBXBuildFile; fileRef = 63AE858A1EDE58C5003C041E /* Main.storyboard */; };
		63AE858F1EDE58C5003C041E /* Pokedex3.xcdatamodeld in Sources */ = {isa = PBXBuildFile; fileRef = 63AE858D1EDE58C5003C041E /* Pokedex3.xcdatamodeld */; };
		63AE85911EDE58C5003C041E /* Assets.xcassets in Resources */ = {isa = PBXBuildFile; fileRef = 63AE85901EDE58C5003C041E /* Assets.xcassets */; };
		63AE85941EDE58C5003C041E /* LaunchScreen.storyboard in Resources */ = {isa = PBXBuildFile; fileRef = 63AE85921EDE58C5003C041E /* LaunchScreen.storyboard */; };
		63AE859F1EDE58C6003C041E /* Pokedex3Tests.swift in Sources */ = {isa = PBXBuildFile; fileRef = 63AE859E1EDE58C6003C041E /* Pokedex3Tests.swift */; };
		63AE85AA1EDE58C6003C041E /* Pokedex3UITests.swift in Sources */ = {isa = PBXBuildFile; fileRef = 63AE85A91EDE58C6003C041E /* Pokedex3UITests.swift */; };
		63F960051EDE5B6C002DBE1F /* Pokemon.swift in Sources */ = {isa = PBXBuildFile; fileRef = 63F960041EDE5B6C002DBE1F /* Pokemon.swift */; };
		63F960081EDE633B002DBE1F /* PokeCell.swift in Sources */ = {isa = PBXBuildFile; fileRef = 63F960071EDE633B002DBE1F /* PokeCell.swift */; };
/* End PBXBuildFile section */

/* Begin PBXContainerItemProxy section */
		63AE859B1EDE58C6003C041E /* PBXContainerItemProxy */ = {
			isa = PBXContainerItemProxy;
			containerPortal = 63AE857B1EDE58C5003C041E /* Project object */;
			proxyType = 1;
			remoteGlobalIDString = 63AE85821EDE58C5003C041E;
			remoteInfo = Pokedex3;
		};
		63AE85A61EDE58C6003C041E /* PBXContainerItemProxy */ = {
			isa = PBXContainerItemProxy;
			containerPortal = 63AE857B1EDE58C5003C041E /* Project object */;
			proxyType = 1;
			remoteGlobalIDString = 63AE85821EDE58C5003C041E;
			remoteInfo = Pokedex3;
		};
/* End PBXContainerItemProxy section */

/* Begin PBXFileReference section */
		630132351EDF68130016AE24 /* pokemon.csv */ = {isa = PBXFileReference; fileEncoding = 4; lastKnownFileType = text; path = pokemon.csv; sourceTree = "<group>"; };
		630132371EDF68420016AE24 /* csv.swift */ = {isa = PBXFileReference; fileEncoding = 4; lastKnownFileType = sourcecode.swift; path = csv.swift; sourceTree = "<group>"; };
		630132391EDF8E2C0016AE24 /* pokemon.ttf */ = {isa = PBXFileReference; lastKnownFileType = file; path = pokemon.ttf; sourceTree = "<group>"; };
		6301323E1EDF906F0016AE24 /* music.png */ = {isa = PBXFileReference; lastKnownFileType = image.png; path = music.png; sourceTree = "<group>"; };
		630132401EDF90820016AE24 /* music.mp3 */ = {isa = PBXFileReference; lastKnownFileType = audio.mp3; path = music.mp3; sourceTree = "<group>"; };
		630132421EE0D7B50016AE24 /* PokemonDetailVC.swift */ = {isa = PBXFileReference; fileEncoding = 4; lastKnownFileType = sourcecode.swift; path = PokemonDetailVC.swift; sourceTree = "<group>"; };
		63AE85831EDE58C5003C041E /* Pokedex3.app */ = {isa = PBXFileReference; explicitFileType = wrapper.application; includeInIndex = 0; path = Pokedex3.app; sourceTree = BUILT_PRODUCTS_DIR; };
		63AE85861EDE58C5003C041E /* AppDelegate.swift */ = {isa = PBXFileReference; lastKnownFileType = sourcecode.swift; path = AppDelegate.swift; sourceTree = "<group>"; };
		63AE85881EDE58C5003C041E /* ViewController.swift */ = {isa = PBXFileReference; lastKnownFileType = sourcecode.swift; path = ViewController.swift; sourceTree = "<group>"; };
		63AE858B1EDE58C5003C041E /* Base */ = {isa = PBXFileReference; lastKnownFileType = file.storyboard; name = Base; path = Base.lproj/Main.storyboard; sourceTree = "<group>"; };
		63AE858E1EDE58C5003C041E /* Pokedex3.xcdatamodel */ = {isa = PBXFileReference; lastKnownFileType = wrapper.xcdatamodel; path = Pokedex3.xcdatamodel; sourceTree = "<group>"; };
		63AE85901EDE58C5003C041E /* Assets.xcassets */ = {isa = PBXFileReference; lastKnownFileType = folder.assetcatalog; path = Assets.xcassets; sourceTree = "<group>"; };
		63AE85931EDE58C5003C041E /* Base */ = {isa = PBXFileReference; lastKnownFileType = file.storyboard; name = Base; path = Base.lproj/LaunchScreen.storyboard; sourceTree = "<group>"; };
		63AE85951EDE58C5003C041E /* Info.plist */ = {isa = PBXFileReference; lastKnownFileType = text.plist.xml; path = Info.plist; sourceTree = "<group>"; };
		63AE859A1EDE58C6003C041E /* Pokedex3Tests.xctest */ = {isa = PBXFileReference; explicitFileType = wrapper.cfbundle; includeInIndex = 0; path = Pokedex3Tests.xctest; sourceTree = BUILT_PRODUCTS_DIR; };
		63AE859E1EDE58C6003C041E /* Pokedex3Tests.swift */ = {isa = PBXFileReference; lastKnownFileType = sourcecode.swift; path = Pokedex3Tests.swift; sourceTree = "<group>"; };
		63AE85A01EDE58C6003C041E /* Info.plist */ = {isa = PBXFileReference; lastKnownFileType = text.plist.xml; path = Info.plist; sourceTree = "<group>"; };
		63AE85A51EDE58C6003C041E /* Pokedex3UITests.xctest */ = {isa = PBXFileReference; explicitFileType = wrapper.cfbundle; includeInIndex = 0; path = Pokedex3UITests.xctest; sourceTree = BUILT_PRODUCTS_DIR; };
		63AE85A91EDE58C6003C041E /* Pokedex3UITests.swift */ = {isa = PBXFileReference; lastKnownFileType = sourcecode.swift; path = Pokedex3UITests.swift; sourceTree = "<group>"; };
		63AE85AB1EDE58C6003C041E /* Info.plist */ = {isa = PBXFileReference; lastKnownFileType = text.plist.xml; path = Info.plist; sourceTree = "<group>"; };
		63F960041EDE5B6C002DBE1F /* Pokemon.swift */ = {isa = PBXFileReference; fileEncoding = 4; lastKnownFileType = sourcecode.swift; path = Pokemon.swift; sourceTree = "<group>"; };
		63F960071EDE633B002DBE1F /* PokeCell.swift */ = {isa = PBXFileReference; fileEncoding = 4; lastKnownFileType = sourcecode.swift; path = PokeCell.swift; sourceTree = "<group>"; };
/* End PBXFileReference section */

/* Begin PBXFrameworksBuildPhase section */
		63AE85801EDE58C5003C041E /* Frameworks */ = {
			isa = PBXFrameworksBuildPhase;
			buildActionMask = 2147483647;
			files = (
			);
			runOnlyForDeploymentPostprocessing = 0;
		};
		63AE85971EDE58C6003C041E /* Frameworks */ = {
			isa = PBXFrameworksBuildPhase;
			buildActionMask = 2147483647;
			files = (
			);
			runOnlyForDeploymentPostprocessing = 0;
		};
		63AE85A21EDE58C6003C041E /* Frameworks */ = {
			isa = PBXFrameworksBuildPhase;
			buildActionMask = 2147483647;
			files = (
			);
			runOnlyForDeploymentPostprocessing = 0;
		};
/* End PBXFrameworksBuildPhase section */

/* Begin PBXGroup section */
		6301323B1EDF8E560016AE24 /* Controller */ = {
			isa = PBXGroup;
			children = (
				63AE85881EDE58C5003C041E /* ViewController.swift */,
				630132421EE0D7B50016AE24 /* PokemonDetailVC.swift */,
			);
			name = Controller;
			sourceTree = "<group>";
		};
		6301323C1EDF8E630016AE24 /* Resources */ = {
			isa = PBXGroup;
			children = (
				630132391EDF8E2C0016AE24 /* pokemon.ttf */,
				630132351EDF68130016AE24 /* pokemon.csv */,
				630132401EDF90820016AE24 /* music.mp3 */,
				6301323E1EDF906F0016AE24 /* music.png */,
			);
			name = Resources;
			sourceTree = "<group>";
		};
		6301323D1EDF8E910016AE24 /* Util */ = {
			isa = PBXGroup;
			children = (
				630132371EDF68420016AE24 /* csv.swift */,
			);
			name = Util;
			sourceTree = "<group>";
		};
		63AE857A1EDE58C5003C041E = {
			isa = PBXGroup;
			children = (
				63AE85851EDE58C5003C041E /* Pokedex3 */,
				63AE859D1EDE58C6003C041E /* Pokedex3Tests */,
				63AE85A81EDE58C6003C041E /* Pokedex3UITests */,
				63AE85841EDE58C5003C041E /* Products */,
			);
			sourceTree = "<group>";
		};
		63AE85841EDE58C5003C041E /* Products */ = {
			isa = PBXGroup;
			children = (
				63AE85831EDE58C5003C041E /* Pokedex3.app */,
				63AE859A1EDE58C6003C041E /* Pokedex3Tests.xctest */,
				63AE85A51EDE58C6003C041E /* Pokedex3UITests.xctest */,
			);
			name = Products;
			sourceTree = "<group>";
		};
		63AE85851EDE58C5003C041E /* Pokedex3 */ = {
			isa = PBXGroup;
			children = (
				63F960031EDE5B4C002DBE1F /* Model */,
				6301323B1EDF8E560016AE24 /* Controller */,
				6301323C1EDF8E630016AE24 /* Resources */,
				6301323D1EDF8E910016AE24 /* Util */,
				63AE85861EDE58C5003C041E /* AppDelegate.swift */,
				63AE858A1EDE58C5003C041E /* Main.storyboard */,
				63AE85901EDE58C5003C041E /* Assets.xcassets */,
				63AE85921EDE58C5003C041E /* LaunchScreen.storyboard */,
				63AE85951EDE58C5003C041E /* Info.plist */,
				63AE858D1EDE58C5003C041E /* Pokedex3.xcdatamodeld */,
			);
			path = Pokedex3;
			sourceTree = "<group>";
		};
		63AE859D1EDE58C6003C041E /* Pokedex3Tests */ = {
			isa = PBXGroup;
			children = (
				63AE859E1EDE58C6003C041E /* Pokedex3Tests.swift */,
				63AE85A01EDE58C6003C041E /* Info.plist */,
			);
			path = Pokedex3Tests;
			sourceTree = "<group>";
		};
		63AE85A81EDE58C6003C041E /* Pokedex3UITests */ = {
			isa = PBXGroup;
			children = (
				63AE85A91EDE58C6003C041E /* Pokedex3UITests.swift */,
				63AE85AB1EDE58C6003C041E /* Info.plist */,
			);
			path = Pokedex3UITests;
			sourceTree = "<group>";
		};
		63F960031EDE5B4C002DBE1F /* Model */ = {
			isa = PBXGroup;
			children = (
				63F960041EDE5B6C002DBE1F /* Pokemon.swift */,
				63F960061EDE6310002DBE1F /* View */,
			);
			name = Model;
			sourceTree = "<group>";
		};
		63F960061EDE6310002DBE1F /* View */ = {
			isa = PBXGroup;
			children = (
				63F960071EDE633B002DBE1F /* PokeCell.swift */,
			);
			name = View;
			sourceTree = "<group>";
		};
/* End PBXGroup section */

/* Begin PBXNativeTarget section */
		63AE85821EDE58C5003C041E /* Pokedex3 */ = {
			isa = PBXNativeTarget;
			buildConfigurationList = 63AE85AE1EDE58C6003C041E /* Build configuration list for PBXNativeTarget "Pokedex3" */;
			buildPhases = (
				63AE857F1EDE58C5003C041E /* Sources */,
				63AE85801EDE58C5003C041E /* Frameworks */,
				63AE85811EDE58C5003C041E /* Resources */,
			);
			buildRules = (
			);
			dependencies = (
			);
			name = Pokedex3;
			productName = Pokedex3;
			productReference = 63AE85831EDE58C5003C041E /* Pokedex3.app */;
			productType = "com.apple.product-type.application";
		};
		63AE85991EDE58C6003C041E /* Pokedex3Tests */ = {
			isa = PBXNativeTarget;
			buildConfigurationList = 63AE85B11EDE58C6003C041E /* Build configuration list for PBXNativeTarget "Pokedex3Tests" */;
			buildPhases = (
				63AE85961EDE58C6003C041E /* Sources */,
				63AE85971EDE58C6003C041E /* Frameworks */,
				63AE85981EDE58C6003C041E /* Resources */,
			);
			buildRules = (
			);
			dependencies = (
				63AE859C1EDE58C6003C041E /* PBXTargetDependency */,
			);
			name = Pokedex3Tests;
			productName = Pokedex3Tests;
			productReference = 63AE859A1EDE58C6003C041E /* Pokedex3Tests.xctest */;
			productType = "com.apple.product-type.bundle.unit-test";
		};
		63AE85A41EDE58C6003C041E /* Pokedex3UITests */ = {
			isa = PBXNativeTarget;
			buildConfigurationList = 63AE85B41EDE58C6003C041E /* Build configuration list for PBXNativeTarget "Pokedex3UITests" */;
			buildPhases = (
				63AE85A11EDE58C6003C041E /* Sources */,
				63AE85A21EDE58C6003C041E /* Frameworks */,
				63AE85A31EDE58C6003C041E /* Resources */,
			);
			buildRules = (
			);
			dependencies = (
				63AE85A71EDE58C6003C041E /* PBXTargetDependency */,
			);
			name = Pokedex3UITests;
			productName = Pokedex3UITests;
			productReference = 63AE85A51EDE58C6003C041E /* Pokedex3UITests.xctest */;
			productType = "com.apple.product-type.bundle.ui-testing";
		};
/* End PBXNativeTarget section */

/* Begin PBXProject section */
		63AE857B1EDE58C5003C041E /* Project object */ = {
			isa = PBXProject;
			attributes = {
				LastSwiftUpdateCheck = 0800;
				LastUpgradeCheck = 0830;
				ORGANIZATIONNAME = "Konstantine Piterman";
				TargetAttributes = {
					63AE85821EDE58C5003C041E = {
						CreatedOnToolsVersion = 8.0;
						DevelopmentTeam = D8ZBA7RCZR;
						LastSwiftMigration = 0830;
						ProvisioningStyle = Automatic;
					};
					63AE85991EDE58C6003C041E = {
						CreatedOnToolsVersion = 8.0;
						DevelopmentTeam = D8ZBA7RCZR;
						LastSwiftMigration = 0830;
						ProvisioningStyle = Automatic;
						TestTargetID = 63AE85821EDE58C5003C041E;
					};
					63AE85A41EDE58C6003C041E = {
						CreatedOnToolsVersion = 8.0;
						DevelopmentTeam = D8ZBA7RCZR;
						LastSwiftMigration = 0830;
						ProvisioningStyle = Automatic;
						TestTargetID = 63AE85821EDE58C5003C041E;
					};
				};
			};
			buildConfigurationList = 63AE857E1EDE58C5003C041E /* Build configuration list for PBXProject "Pokedex3" */;
			compatibilityVersion = "Xcode 3.2";
			developmentRegion = English;
			hasScannedForEncodings = 0;
			knownRegions = (
				en,
				Base,
			);
			mainGroup = 63AE857A1EDE58C5003C041E;
			productRefGroup = 63AE85841EDE58C5003C041E /* Products */;
			projectDirPath = "";
			projectRoot = "";
			targets = (
				63AE85821EDE58C5003C041E /* Pokedex3 */,
				63AE85991EDE58C6003C041E /* Pokedex3Tests */,
				63AE85A41EDE58C6003C041E /* Pokedex3UITests */,
			);
		};
/* End PBXProject section */

/* Begin PBXResourcesBuildPhase section */
		63AE85811EDE58C5003C041E /* Resources */ = {
			isa = PBXResourcesBuildPhase;
			buildActionMask = 2147483647;
			files = (
				6301323A1EDF8E2C0016AE24 /* pokemon.ttf in Resources */,
				63AE85941EDE58C5003C041E /* LaunchScreen.storyboard in Resources */,
				63AE85911EDE58C5003C041E /* Assets.xcassets in Resources */,
				630132361EDF68130016AE24 /* pokemon.csv in Resources */,
				63AE858C1EDE58C5003C041E /* Main.storyboard in Resources */,
				630132411EDF90820016AE24 /* music.mp3 in Resources */,
				6301323F1EDF906F0016AE24 /* music.png in Resources */,
			);
			runOnlyForDeploymentPostprocessing = 0;
		};
		63AE85981EDE58C6003C041E /* Resources */ = {
			isa = PBXResourcesBuildPhase;
			buildActionMask = 2147483647;
			files = (
			);
			runOnlyForDeploymentPostprocessing = 0;
		};
		63AE85A31EDE58C6003C041E /* Resources */ = {
			isa = PBXResourcesBuildPhase;
			buildActionMask = 2147483647;
			files = (
			);
			runOnlyForDeploymentPostprocessing = 0;
		};
/* End PBXResourcesBuildPhase section */

/* Begin PBXSourcesBuildPhase section */
		63AE857F1EDE58C5003C041E /* Sources */ = {
			isa = PBXSourcesBuildPhase;
			buildActionMask = 2147483647;
			files = (
				630132381EDF68420016AE24 /* csv.swift in Sources */,
				63AE85891EDE58C5003C041E /* ViewController.swift in Sources */,
				63F960051EDE5B6C002DBE1F /* Pokemon.swift in Sources */,
				63AE85871EDE58C5003C041E /* AppDelegate.swift in Sources */,
				630132431EE0D7B50016AE24 /* PokemonDetailVC.swift in Sources */,
				63AE858F1EDE58C5003C041E /* Pokedex3.xcdatamodeld in Sources */,
				63F960081EDE633B002DBE1F /* PokeCell.swift in Sources */,
			);
			runOnlyForDeploymentPostprocessing = 0;
		};
		63AE85961EDE58C6003C041E /* Sources */ = {
			isa = PBXSourcesBuildPhase;
			buildActionMask = 2147483647;
			files = (
				63AE859F1EDE58C6003C041E /* Pokedex3Tests.swift in Sources */,
			);
			runOnlyForDeploymentPostprocessing = 0;
		};
		63AE85A11EDE58C6003C041E /* Sources */ = {
			isa = PBXSourcesBuildPhase;
			buildActionMask = 2147483647;
			files = (
				63AE85AA1EDE58C6003C041E /* Pokedex3UITests.swift in Sources */,
			);
			runOnlyForDeploymentPostprocessing = 0;
		};
/* End PBXSourcesBuildPhase section */

/* Begin PBXTargetDependency section */
		63AE859C1EDE58C6003C041E /* PBXTargetDependency */ = {
			isa = PBXTargetDependency;
			target = 63AE85821EDE58C5003C041E /* Pokedex3 */;
			targetProxy = 63AE859B1EDE58C6003C041E /* PBXContainerItemProxy */;
		};
		63AE85A71EDE58C6003C041E /* PBXTargetDependency */ = {
			isa = PBXTargetDependency;
			target = 63AE85821EDE58C5003C041E /* Pokedex3 */;
			targetProxy = 63AE85A61EDE58C6003C041E /* PBXContainerItemProxy */;
		};
/* End PBXTargetDependency section */

/* Begin PBXVariantGroup section */
		63AE858A1EDE58C5003C041E /* Main.storyboard */ = {
			isa = PBXVariantGroup;
			children = (
				63AE858B1EDE58C5003C041E /* Base */,
			);
			name = Main.storyboard;
			sourceTree = "<group>";
		};
		63AE85921EDE58C5003C041E /* LaunchScreen.storyboard */ = {
			isa = PBXVariantGroup;
			children = (
				63AE85931EDE58C5003C041E /* Base */,
			);
			name = LaunchScreen.storyboard;
			sourceTree = "<group>";
		};
/* End PBXVariantGroup section */

/* Begin XCBuildConfiguration section */
		63AE85AC1EDE58C6003C041E /* Debug */ = {
			isa = XCBuildConfiguration;
			buildSettings = {
				ALWAYS_SEARCH_USER_PATHS = NO;
				CLANG_ANALYZER_NONNULL = YES;
				CLANG_CXX_LANGUAGE_STANDARD = "gnu++0x";
				CLANG_CXX_LIBRARY = "libc++";
				CLANG_ENABLE_MODULES = YES;
				CLANG_ENABLE_OBJC_ARC = YES;
				CLANG_WARN_BOOL_CONVERSION = YES;
				CLANG_WARN_CONSTANT_CONVERSION = YES;
				CLANG_WARN_DIRECT_OBJC_ISA_USAGE = YES_ERROR;
				CLANG_WARN_DOCUMENTATION_COMMENTS = YES;
				CLANG_WARN_EMPTY_BODY = YES;
				CLANG_WARN_ENUM_CONVERSION = YES;
				CLANG_WARN_INFINITE_RECURSION = YES;
				CLANG_WARN_INT_CONVERSION = YES;
				CLANG_WARN_OBJC_ROOT_CLASS = YES_ERROR;
				CLANG_WARN_SUSPICIOUS_MOVE = YES;
				CLANG_WARN_SUSPICIOUS_MOVES = YES;
				CLANG_WARN_UNREACHABLE_CODE = YES;
				CLANG_WARN__DUPLICATE_METHOD_MATCH = YES;
				"CODE_SIGN_IDENTITY[sdk=iphoneos*]" = "iPhone Developer";
				COPY_PHASE_STRIP = NO;
				DEBUG_INFORMATION_FORMAT = dwarf;
				ENABLE_STRICT_OBJC_MSGSEND = YES;
				ENABLE_TESTABILITY = YES;
				GCC_C_LANGUAGE_STANDARD = gnu99;
				GCC_DYNAMIC_NO_PIC = NO;
				GCC_NO_COMMON_BLOCKS = YES;
				GCC_OPTIMIZATION_LEVEL = 0;
				GCC_PREPROCESSOR_DEFINITIONS = (
					"DEBUG=1",
					"$(inherited)",
				);
				GCC_WARN_64_TO_32_BIT_CONVERSION = YES;
				GCC_WARN_ABOUT_RETURN_TYPE = YES_ERROR;
				GCC_WARN_UNDECLARED_SELECTOR = YES;
				GCC_WARN_UNINITIALIZED_AUTOS = YES_AGGRESSIVE;
				GCC_WARN_UNUSED_FUNCTION = YES;
				GCC_WARN_UNUSED_VARIABLE = YES;
				IPHONEOS_DEPLOYMENT_TARGET = 10.0;
				MTL_ENABLE_DEBUG_INFO = YES;
				ONLY_ACTIVE_ARCH = YES;
				SDKROOT = iphoneos;
				SWIFT_ACTIVE_COMPILATION_CONDITIONS = DEBUG;
				SWIFT_OPTIMIZATION_LEVEL = "-Onone";
			};
			name = Debug;
		};
		63AE85AD1EDE58C6003C041E /* Release */ = {
			isa = XCBuildConfiguration;
			buildSettings = {
				ALWAYS_SEARCH_USER_PATHS = NO;
				CLANG_ANALYZER_NONNULL = YES;
				CLANG_CXX_LANGUAGE_STANDARD = "gnu++0x";
				CLANG_CXX_LIBRARY = "libc++";
				CLANG_ENABLE_MODULES = YES;
				CLANG_ENABLE_OBJC_ARC = YES;
				CLANG_WARN_BOOL_CONVERSION = YES;
				CLANG_WARN_CONSTANT_CONVERSION = YES;
				CLANG_WARN_DIRECT_OBJC_ISA_USAGE = YES_ERROR;
				CLANG_WARN_DOCUMENTATION_COMMENTS = YES;
				CLANG_WARN_EMPTY_BODY = YES;
				CLANG_WARN_ENUM_CONVERSION = YES;
				CLANG_WARN_INFINITE_RECURSION = YES;
				CLANG_WARN_INT_CONVERSION = YES;
				CLANG_WARN_OBJC_ROOT_CLASS = YES_ERROR;
				CLANG_WARN_SUSPICIOUS_MOVE = YES;
				CLANG_WARN_SUSPICIOUS_MOVES = YES;
				CLANG_WARN_UNREACHABLE_CODE = YES;
				CLANG_WARN__DUPLICATE_METHOD_MATCH = YES;
				"CODE_SIGN_IDENTITY[sdk=iphoneos*]" = "iPhone Developer";
				COPY_PHASE_STRIP = NO;
				DEBUG_INFORMATION_FORMAT = "dwarf-with-dsym";
				ENABLE_NS_ASSERTIONS = NO;
				ENABLE_STRICT_OBJC_MSGSEND = YES;
				GCC_C_LANGUAGE_STANDARD = gnu99;
				GCC_NO_COMMON_BLOCKS = YES;
				GCC_WARN_64_TO_32_BIT_CONVERSION = YES;
				GCC_WARN_ABOUT_RETURN_TYPE = YES_ERROR;
				GCC_WARN_UNDECLARED_SELECTOR = YES;
				GCC_WARN_UNINITIALIZED_AUTOS = YES_AGGRESSIVE;
				GCC_WARN_UNUSED_FUNCTION = YES;
				GCC_WARN_UNUSED_VARIABLE = YES;
				IPHONEOS_DEPLOYMENT_TARGET = 10.0;
				MTL_ENABLE_DEBUG_INFO = NO;
				SDKROOT = iphoneos;
				SWIFT_OPTIMIZATION_LEVEL = "-Owholemodule";
				VALIDATE_PRODUCT = YES;
			};
			name = Release;
		};
		63AE85AF1EDE58C6003C041E /* Debug */ = {
			isa = XCBuildConfiguration;
			buildSettings = {
				ASSETCATALOG_COMPILER_APPICON_NAME = AppIcon;
				DEVELOPMENT_TEAM = D8ZBA7RCZR;
				INFOPLIST_FILE = Pokedex3/Info.plist;
				LD_RUNPATH_SEARCH_PATHS = "$(inherited) @executable_path/Frameworks";
				PRODUCT_BUNDLE_IDENTIFIER = Everipedia.Pokedex3;
				PRODUCT_NAME = "$(TARGET_NAME)";
				SWIFT_VERSION = 3.0;
			};
			name = Debug;
		};
		63AE85B01EDE58C6003C041E /* Release */ = {
			isa = XCBuildConfiguration;
			buildSettings = {
				ASSETCATALOG_COMPILER_APPICON_NAME = AppIcon;
				DEVELOPMENT_TEAM = D8ZBA7RCZR;
				INFOPLIST_FILE = Pokedex3/Info.plist;
				LD_RUNPATH_SEARCH_PATHS = "$(inherited) @executable_path/Frameworks";
				PRODUCT_BUNDLE_IDENTIFIER = Everipedia.Pokedex3;
				PRODUCT_NAME = "$(TARGET_NAME)";
				SWIFT_VERSION = 3.0;
			};
			name = Release;
		};
		63AE85B21EDE58C6003C041E /* Debug */ = {
			isa = XCBuildConfiguration;
			buildSettings = {
				ALWAYS_EMBED_SWIFT_STANDARD_LIBRARIES = YES;
				BUNDLE_LOADER = "$(TEST_HOST)";
				DEVELOPMENT_TEAM = D8ZBA7RCZR;
				INFOPLIST_FILE = Pokedex3Tests/Info.plist;
				LD_RUNPATH_SEARCH_PATHS = "$(inherited) @executable_path/Frameworks @loader_path/Frameworks";
				PRODUCT_BUNDLE_IDENTIFIER = Everipedia.Pokedex3Tests;
				PRODUCT_NAME = "$(TARGET_NAME)";
				SWIFT_VERSION = 3.0;
				TEST_HOST = "$(BUILT_PRODUCTS_DIR)/Pokedex3.app/Pokedex3";
			};
			name = Debug;
		};
		63AE85B31EDE58C6003C041E /* Release */ = {
			isa = XCBuildConfiguration;
			buildSettings = {
				ALWAYS_EMBED_SWIFT_STANDARD_LIBRARIES = YES;
				BUNDLE_LOADER = "$(TEST_HOST)";
				DEVELOPMENT_TEAM = D8ZBA7RCZR;
				INFOPLIST_FILE = Pokedex3Tests/Info.plist;
				LD_RUNPATH_SEARCH_PATHS = "$(inherited) @executable_path/Frameworks @loader_path/Frameworks";
				PRODUCT_BUNDLE_IDENTIFIER = Everipedia.Pokedex3Tests;
				PRODUCT_NAME = "$(TARGET_NAME)";
				SWIFT_VERSION = 3.0;
				TEST_HOST = "$(BUILT_PRODUCTS_DIR)/Pokedex3.app/Pokedex3";
			};
			name = Release;
		};
		63AE85B51EDE58C6003C041E /* Debug */ = {
			isa = XCBuildConfiguration;
			buildSettings = {
				ALWAYS_EMBED_SWIFT_STANDARD_LIBRARIES = YES;
				DEVELOPMENT_TEAM = D8ZBA7RCZR;
				INFOPLIST_FILE = Pokedex3UITests/Info.plist;
				LD_RUNPATH_SEARCH_PATHS = "$(inherited) @executable_path/Frameworks @loader_path/Frameworks";
				PRODUCT_BUNDLE_IDENTIFIER = Everipedia.Pokedex3UITests;
				PRODUCT_NAME = "$(TARGET_NAME)";
				SWIFT_VERSION = 3.0;
				TEST_TARGET_NAME = Pokedex3;
			};
			name = Debug;
		};
		63AE85B61EDE58C6003C041E /* Release */ = {
			isa = XCBuildConfiguration;
			buildSettings = {
				ALWAYS_EMBED_SWIFT_STANDARD_LIBRARIES = YES;
				DEVELOPMENT_TEAM = D8ZBA7RCZR;
				INFOPLIST_FILE = Pokedex3UITests/Info.plist;
				LD_RUNPATH_SEARCH_PATHS = "$(inherited) @executable_path/Frameworks @loader_path/Frameworks";
				PRODUCT_BUNDLE_IDENTIFIER = Everipedia.Pokedex3UITests;
				PRODUCT_NAME = "$(TARGET_NAME)";
				SWIFT_VERSION = 3.0;
				TEST_TARGET_NAME = Pokedex3;
			};
			name = Release;
		};
/* End XCBuildConfiguration section */

/* Begin XCConfigurationList section */
		63AE857E1EDE58C5003C041E /* Build configuration list for PBXProject "Pokedex3" */ = {
			isa = XCConfigurationList;
			buildConfigurations = (
				63AE85AC1EDE58C6003C041E /* Debug */,
				63AE85AD1EDE58C6003C041E /* Release */,
			);
			defaultConfigurationIsVisible = 0;
			defaultConfigurationName = Release;
		};
		63AE85AE1EDE58C6003C041E /* Build configuration list for PBXNativeTarget "Pokedex3" */ = {
			isa = XCConfigurationList;
			buildConfigurations = (
				63AE85AF1EDE58C6003C041E /* Debug */,
				63AE85B01EDE58C6003C041E /* Release */,
			);
			defaultConfigurationIsVisible = 0;
			defaultConfigurationName = Release;
		};
		63AE85B11EDE58C6003C041E /* Build configuration list for PBXNativeTarget "Pokedex3Tests" */ = {
			isa = XCConfigurationList;
			buildConfigurations = (
				63AE85B21EDE58C6003C041E /* Debug */,
				63AE85B31EDE58C6003C041E /* Release */,
			);
			defaultConfigurationIsVisible = 0;
			defaultConfigurationName = Release;
		};
		63AE85B41EDE58C6003C041E /* Build configuration list for PBXNativeTarget "Pokedex3UITests" */ = {
			isa = XCConfigurationList;
			buildConfigurations = (
				63AE85B51EDE58C6003C041E /* Debug */,
				63AE85B61EDE58C6003C041E /* Release */,
			);
			defaultConfigurationIsVisible = 0;
			defaultConfigurationName = Release;
		};
/* End XCConfigurationList section */

/* Begin XCVersionGroup section */
		63AE858D1EDE58C5003C041E /* Pokedex3.xcdatamodeld */ = {
			isa = XCVersionGroup;
			children = (
				63AE858E1EDE58C5003C041E /* Pokedex3.xcdatamodel */,
			);
			currentVersion = 63AE858E1EDE58C5003C041E /* Pokedex3.xcdatamodel */;
			path = Pokedex3.xcdatamodeld;
			sourceTree = "<group>";
			versionGroupType = wrapper.xcdatamodel;
		};
/* End XCVersionGroup section */
	};
	rootObject = 63AE857B1EDE58C5003C041E /* Project object */;
}
